
Microsoft Visual Studio Solution File, Format Version 12.00
# Visual Studio Version 17
VisualStudioVersion = 17.0.32112.339
MinimumVisualStudioVersion = 10.0.40219.1
Project("{FAE04EC0-301F-11D3-BF4B-00C04F79EFBC}") = "MiniBank.Web", "MiniBank.Web\MiniBank.Web.csproj", "{CDF81277-AC56-4B46-B165-2F4BA7810F55}"
EndProject
Project("{FAE04EC0-301F-11D3-BF4B-00C04F79EFBC}") = "MiniBank.Core", "MiniBank.Core\MiniBank.Core.csproj", "{298633A1-4FB8-46DD-A720-C654C320B6DF}"
EndProject
Project("{FAE04EC0-301F-11D3-BF4B-00C04F79EFBC}") = "MiniBank.Data", "MiniBank.Data\MiniBank.Data.csproj", "{F2980ECC-46A5-4240-88C8-FB4A8033CBFE}"
EndProject
Global
	GlobalSection(SolutionConfigurationPlatforms) = preSolution
		Debug|Any CPU = Debug|Any CPU
		Release|Any CPU = Release|Any CPU
	EndGlobalSection
	GlobalSection(ProjectConfigurationPlatforms) = postSolution
		{CDF81277-AC56-4B46-B165-2F4BA7810F55}.Debug|Any CPU.ActiveCfg = Debug|Any CPU
		{CDF81277-AC56-4B46-B165-2F4BA7810F55}.Debug|Any CPU.Build.0 = Debug|Any CPU
		{CDF81277-AC56-4B46-B165-2F4BA7810F55}.Release|Any CPU.ActiveCfg = Release|Any CPU
		{CDF81277-AC56-4B46-B165-2F4BA7810F55}.Release|Any CPU.Build.0 = Release|Any CPU
		{298633A1-4FB8-46DD-A720-C654C320B6DF}.Debug|Any CPU.ActiveCfg = Debug|Any CPU
		{298633A1-4FB8-46DD-A720-C654C320B6DF}.Debug|Any CPU.Build.0 = Debug|Any CPU
		{298633A1-4FB8-46DD-A720-C654C320B6DF}.Release|Any CPU.ActiveCfg = Release|Any CPU
		{298633A1-4FB8-46DD-A720-C654C320B6DF}.Release|Any CPU.Build.0 = Release|Any CPU
		{F2980ECC-46A5-4240-88C8-FB4A8033CBFE}.Debug|Any CPU.ActiveCfg = Debug|Any CPU
		{F2980ECC-46A5-4240-88C8-FB4A8033CBFE}.Debug|Any CPU.Build.0 = Debug|Any CPU
		{F2980ECC-46A5-4240-88C8-FB4A8033CBFE}.Release|Any CPU.ActiveCfg = Release|Any CPU
		{F2980ECC-46A5-4240-88C8-FB4A8033CBFE}.Release|Any CPU.Build.0 = Release|Any CPU
	EndGlobalSection
	GlobalSection(SolutionProperties) = preSolution
		HideSolutionNode = FALSE
	EndGlobalSection
	GlobalSection(ExtensibilityGlobals) = postSolution
		SolutionGuid = {75346DFC-4B03-4261-AB29-848AF83712CF}
	EndGlobalSection
EndGlobal
